
Microsoft Visual Studio Solution File, Format Version 12.00
# Visual Studio 15
VisualStudioVersion = 15.0.26730.15
MinimumVisualStudioVersion = 10.0.40219.1
Project("{FAE04EC0-301F-11D3-BF4B-00C04F79EFBC}") = "projetPPE", "projetPPE\projetPPE.csproj", "{91D15595-BA97-4108-82EB-BA1AC65520EC}"
EndProject
Project("{FAE04EC0-301F-11D3-BF4B-00C04F79EFBC}") = "projetPPETests1", "projetPPETests1\projetPPETests1.csproj", "{A3D2B042-4AA3-485D-B3D4-CBB0A886D364}"
EndProject
Global
	GlobalSection(SolutionConfigurationPlatforms) = preSolution
		Debug|Any CPU = Debug|Any CPU
		Release|Any CPU = Release|Any CPU
	EndGlobalSection
	GlobalSection(ProjectConfigurationPlatforms) = postSolution
		{91D15595-BA97-4108-82EB-BA1AC65520EC}.Debug|Any CPU.ActiveCfg = Debug|Any CPU
		{91D15595-BA97-4108-82EB-BA1AC65520EC}.Debug|Any CPU.Build.0 = Debug|Any CPU
		{91D15595-BA97-4108-82EB-BA1AC65520EC}.Release|Any CPU.ActiveCfg = Release|Any CPU
		{91D15595-BA97-4108-82EB-BA1AC65520EC}.Release|Any CPU.Build.0 = Release|Any CPU
		{A3D2B042-4AA3-485D-B3D4-CBB0A886D364}.Debug|Any CPU.ActiveCfg = Debug|Any CPU
		{A3D2B042-4AA3-485D-B3D4-CBB0A886D364}.Debug|Any CPU.Build.0 = Debug|Any CPU
		{A3D2B042-4AA3-485D-B3D4-CBB0A886D364}.Release|Any CPU.ActiveCfg = Release|Any CPU
		{A3D2B042-4AA3-485D-B3D4-CBB0A886D364}.Release|Any CPU.Build.0 = Release|Any CPU
	EndGlobalSection
	GlobalSection(SolutionProperties) = preSolution
		HideSolutionNode = FALSE
	EndGlobalSection
	GlobalSection(ExtensibilityGlobals) = postSolution
		SolutionGuid = {89AD4A4C-1F64-4F3D-B0E6-5834338D692E}
	EndGlobalSection
EndGlobal
